
Microsoft Visual Studio Solution File, Format Version 12.00
# Visual Studio Version 17
VisualStudioVersion = 17.6.33829.357
MinimumVisualStudioVersion = 10.0.40219.1
Project("{FAE04EC0-301F-11D3-BF4B-00C04F79EFBC}") = "InheritanceDemo2", "InheritanceDemo2\InheritanceDemo2.csproj", "{3245B7A7-2DC1-40FA-8BF2-E9AC127D0A32}"
EndProject
Global
	GlobalSection(SolutionConfigurationPlatforms) = preSolution
		Debug|Any CPU = Debug|Any CPU
		Release|Any CPU = Release|Any CPU
	EndGlobalSection
	GlobalSection(ProjectConfigurationPlatforms) = postSolution
		{3245B7A7-2DC1-40FA-8BF2-E9AC127D0A32}.Debug|Any CPU.ActiveCfg = Debug|Any CPU
		{3245B7A7-2DC1-40FA-8BF2-E9AC127D0A32}.Debug|Any CPU.Build.0 = Debug|Any CPU
		{3245B7A7-2DC1-40FA-8BF2-E9AC127D0A32}.Release|Any CPU.ActiveCfg = Release|Any CPU
		{3245B7A7-2DC1-40FA-8BF2-E9AC127D0A32}.Release|Any CPU.Build.0 = Release|Any CPU
	EndGlobalSection
	GlobalSection(SolutionProperties) = preSolution
		HideSolutionNode = FALSE
	EndGlobalSection
	GlobalSection(ExtensibilityGlobals) = postSolution
		SolutionGuid = {6FFF19E7-434C-42AB-920D-6FEA4177EF58}
	EndGlobalSection
EndGlobal
